
Microsoft Visual Studio Solution File, Format Version 12.00
# Visual Studio 14
VisualStudioVersion = 14.0.25420.1
MinimumVisualStudioVersion = 10.0.40219.1
Project("{FAE04EC0-301F-11D3-BF4B-00C04F79EFBC}") = "HeadedAdapterApp", "HeadedAdapterApp\HeadedAdapterApp.csproj", "{31EB47F3-5810-4439-AB31-99559965C58B}"
EndProject
Project("{FAE04EC0-301F-11D3-BF4B-00C04F79EFBC}") = "HeadlessAdapterApp", "HeadlessAdapterApp\HeadlessAdapterApp.csproj", "{4C87DC5C-B33B-47D5-B199-EFC20547AA66}"
EndProject
Project("{2150E333-8FDC-42A3-9474-1A3956D46DE8}") = "DSB", "DSB", "{799C7D49-8BDE-4D31-93CF-37F952582FF9}"
EndProject
Project("{FAE04EC0-301F-11D3-BF4B-00C04F79EFBC}") = "EcobeeClient", "EcobeeClient\EcobeeClient.csproj", "{5AE83E1A-36FE-4849-ADC0-D4CFDEADBD2E}"
EndProject
Project("{FAE04EC0-301F-11D3-BF4B-00C04F79EFBC}") = "AllJoyn.EcobeeDSB", "AllJoyn.EcobeeDSB\AllJoyn.EcobeeDSB.csproj", "{A83C039C-BFB7-443C-B1D9-934737ACF384}"
EndProject
Global
	GlobalSection(SolutionConfigurationPlatforms) = preSolution
		Debug|Any CPU = Debug|Any CPU
		Debug|ARM = Debug|ARM
		Debug|x64 = Debug|x64
		Debug|x86 = Debug|x86
		Release|Any CPU = Release|Any CPU
		Release|ARM = Release|ARM
		Release|x64 = Release|x64
		Release|x86 = Release|x86
	EndGlobalSection
	GlobalSection(ProjectConfigurationPlatforms) = postSolution
		{31EB47F3-5810-4439-AB31-99559965C58B}.Debug|Any CPU.ActiveCfg = Debug|x86
		{31EB47F3-5810-4439-AB31-99559965C58B}.Debug|ARM.ActiveCfg = Debug|ARM
		{31EB47F3-5810-4439-AB31-99559965C58B}.Debug|ARM.Build.0 = Debug|ARM
		{31EB47F3-5810-4439-AB31-99559965C58B}.Debug|ARM.Deploy.0 = Debug|ARM
		{31EB47F3-5810-4439-AB31-99559965C58B}.Debug|x64.ActiveCfg = Debug|x64
		{31EB47F3-5810-4439-AB31-99559965C58B}.Debug|x64.Build.0 = Debug|x64
		{31EB47F3-5810-4439-AB31-99559965C58B}.Debug|x64.Deploy.0 = Debug|x64
		{31EB47F3-5810-4439-AB31-99559965C58B}.Debug|x86.ActiveCfg = Debug|x86
		{31EB47F3-5810-4439-AB31-99559965C58B}.Debug|x86.Build.0 = Debug|x86
		{31EB47F3-5810-4439-AB31-99559965C58B}.Debug|x86.Deploy.0 = Debug|x86
		{31EB47F3-5810-4439-AB31-99559965C58B}.Release|Any CPU.ActiveCfg = Release|x86
		{31EB47F3-5810-4439-AB31-99559965C58B}.Release|ARM.ActiveCfg = Release|ARM
		{31EB47F3-5810-4439-AB31-99559965C58B}.Release|ARM.Build.0 = Release|ARM
		{31EB47F3-5810-4439-AB31-99559965C58B}.Release|ARM.Deploy.0 = Release|ARM
		{31EB47F3-5810-4439-AB31-99559965C58B}.Release|x64.ActiveCfg = Release|x64
		{31EB47F3-5810-4439-AB31-99559965C58B}.Release|x64.Build.0 = Release|x64
		{31EB47F3-5810-4439-AB31-99559965C58B}.Release|x64.Deploy.0 = Release|x64
		{31EB47F3-5810-4439-AB31-99559965C58B}.Release|x86.ActiveCfg = Release|x86
		{31EB47F3-5810-4439-AB31-99559965C58B}.Release|x86.Build.0 = Release|x86
		{31EB47F3-5810-4439-AB31-99559965C58B}.Release|x86.Deploy.0 = Release|x86
		{4C87DC5C-B33B-47D5-B199-EFC20547AA66}.Debug|Any CPU.ActiveCfg = Debug|x86
		{4C87DC5C-B33B-47D5-B199-EFC20547AA66}.Debug|ARM.ActiveCfg = Debug|ARM
		{4C87DC5C-B33B-47D5-B199-EFC20547AA66}.Debug|ARM.Build.0 = Debug|ARM
		{4C87DC5C-B33B-47D5-B199-EFC20547AA66}.Debug|ARM.Deploy.0 = Debug|ARM
		{4C87DC5C-B33B-47D5-B199-EFC20547AA66}.Debug|x64.ActiveCfg = Debug|x64
		{4C87DC5C-B33B-47D5-B199-EFC20547AA66}.Debug|x64.Build.0 = Debug|x64
		{4C87DC5C-B33B-47D5-B199-EFC20547AA66}.Debug|x64.Deploy.0 = Debug|x64
		{4C87DC5C-B33B-47D5-B199-EFC20547AA66}.Debug|x86.ActiveCfg = Debug|x86
		{4C87DC5C-B33B-47D5-B199-EFC20547AA66}.Debug|x86.Build.0 = Debug|x86
		{4C87DC5C-B33B-47D5-B199-EFC20547AA66}.Debug|x86.Deploy.0 = Debug|x86
		{4C87DC5C-B33B-47D5-B199-EFC20547AA66}.Release|Any CPU.ActiveCfg = Release|x86
		{4C87DC5C-B33B-47D5-B199-EFC20547AA66}.Release|ARM.ActiveCfg = Release|ARM
		{4C87DC5C-B33B-47D5-B199-EFC20547AA66}.Release|ARM.Build.0 = Release|ARM
		{4C87DC5C-B33B-47D5-B199-EFC20547AA66}.Release|ARM.Deploy.0 = Release|ARM
		{4C87DC5C-B33B-47D5-B199-EFC20547AA66}.Release|x64.ActiveCfg = Release|x64
		{4C87DC5C-B33B-47D5-B199-EFC20547AA66}.Release|x64.Build.0 = Release|x64
		{4C87DC5C-B33B-47D5-B199-EFC20547AA66}.Release|x64.Deploy.0 = Release|x64
		{4C87DC5C-B33B-47D5-B199-EFC20547AA66}.Release|x86.ActiveCfg = Release|x86
		{4C87DC5C-B33B-47D5-B199-EFC20547AA66}.Release|x86.Build.0 = Release|x86
		{4C87DC5C-B33B-47D5-B199-EFC20547AA66}.Release|x86.Deploy.0 = Release|x86
		{5AE83E1A-36FE-4849-ADC0-D4CFDEADBD2E}.Debug|Any CPU.ActiveCfg = Debug|Any CPU
		{5AE83E1A-36FE-4849-ADC0-D4CFDEADBD2E}.Debug|Any CPU.Build.0 = Debug|Any CPU
		{5AE83E1A-36FE-4849-ADC0-D4CFDEADBD2E}.Debug|ARM.ActiveCfg = Debug|Any CPU
		{5AE83E1A-36FE-4849-ADC0-D4CFDEADBD2E}.Debug|ARM.Build.0 = Debug|Any CPU
		{5AE83E1A-36FE-4849-ADC0-D4CFDEADBD2E}.Debug|x64.ActiveCfg = Debug|Any CPU
		{5AE83E1A-36FE-4849-ADC0-D4CFDEADBD2E}.Debug|x64.Build.0 = Debug|Any CPU
		{5AE83E1A-36FE-4849-ADC0-D4CFDEADBD2E}.Debug|x86.ActiveCfg = Debug|Any CPU
		{5AE83E1A-36FE-4849-ADC0-D4CFDEADBD2E}.Debug|x86.Build.0 = Debug|Any CPU
		{5AE83E1A-36FE-4849-ADC0-D4CFDEADBD2E}.Release|Any CPU.ActiveCfg = Release|Any CPU
		{5AE83E1A-36FE-4849-ADC0-D4CFDEADBD2E}.Release|Any CPU.Build.0 = Release|Any CPU
		{5AE83E1A-36FE-4849-ADC0-D4CFDEADBD2E}.Release|ARM.ActiveCfg = Release|Any CPU
		{5AE83E1A-36FE-4849-ADC0-D4CFDEADBD2E}.Release|ARM.Build.0 = Release|Any CPU
		{5AE83E1A-36FE-4849-ADC0-D4CFDEADBD2E}.Release|x64.ActiveCfg = Release|Any CPU
		{5AE83E1A-36FE-4849-ADC0-D4CFDEADBD2E}.Release|x64.Build.0 = Release|Any CPU
		{5AE83E1A-36FE-4849-ADC0-D4CFDEADBD2E}.Release|x86.ActiveCfg = Release|Any CPU
		{5AE83E1A-36FE-4849-ADC0-D4CFDEADBD2E}.Release|x86.Build.0 = Release|Any CPU
		{A83C039C-BFB7-443C-B1D9-934737ACF384}.Debug|Any CPU.ActiveCfg = Debug|Any CPU
		{A83C039C-BFB7-443C-B1D9-934737ACF384}.Debug|Any CPU.Build.0 = Debug|Any CPU
		{A83C039C-BFB7-443C-B1D9-934737ACF384}.Debug|ARM.ActiveCfg = Debug|Any CPU
		{A83C039C-BFB7-443C-B1D9-934737ACF384}.Debug|ARM.Build.0 = Debug|Any CPU
		{A83C039C-BFB7-443C-B1D9-934737ACF384}.Debug|x64.ActiveCfg = Debug|Any CPU
		{A83C039C-BFB7-443C-B1D9-934737ACF384}.Debug|x64.Build.0 = Debug|Any CPU
		{A83C039C-BFB7-443C-B1D9-934737ACF384}.Debug|x86.ActiveCfg = Debug|Any CPU
		{A83C039C-BFB7-443C-B1D9-934737ACF384}.Debug|x86.Build.0 = Debug|Any CPU
		{A83C039C-BFB7-443C-B1D9-934737ACF384}.Release|Any CPU.ActiveCfg = Release|Any CPU
		{A83C039C-BFB7-443C-B1D9-934737ACF384}.Release|Any CPU.Build.0 = Release|Any CPU
		{A83C039C-BFB7-443C-B1D9-934737ACF384}.Release|ARM.ActiveCfg = Release|Any CPU
		{A83C039C-BFB7-443C-B1D9-934737ACF384}.Release|ARM.Build.0 = Release|Any CPU
		{A83C039C-BFB7-443C-B1D9-934737ACF384}.Release|x64.ActiveCfg = Release|Any CPU
		{A83C039C-BFB7-443C-B1D9-934737ACF384}.Release|x64.Build.0 = Release|Any CPU
		{A83C039C-BFB7-443C-B1D9-934737ACF384}.Release|x86.ActiveCfg = Release|Any CPU
		{A83C039C-BFB7-443C-B1D9-934737ACF384}.Release|x86.Build.0 = Release|Any CPU
	EndGlobalSection
	GlobalSection(SolutionProperties) = preSolution
		HideSolutionNode = FALSE
	EndGlobalSection
	GlobalSection(NestedProjects) = preSolution
		{5AE83E1A-36FE-4849-ADC0-D4CFDEADBD2E} = {799C7D49-8BDE-4D31-93CF-37F952582FF9}
		{A83C039C-BFB7-443C-B1D9-934737ACF384} = {799C7D49-8BDE-4D31-93CF-37F952582FF9}
	EndGlobalSection
EndGlobal
